
Microsoft Visual Studio Solution File, Format Version 12.00
# Visual Studio Version 17
VisualStudioVersion = 17.2.32602.215
MinimumVisualStudioVersion = 10.0.40219.1
Project("{9A19103F-16F7-4668-BE54-9A1E7A4F7556}") = "FisioFinancials.Domain.Model", "FisioFinancials.Domain.Model\FisioFinancials.Domain.Model.csproj", "{ED4776E3-1BDF-454A-9832-C23F6C9D59E9}"
EndProject
Project("{9A19103F-16F7-4668-BE54-9A1E7A4F7556}") = "FisioFinancials.API", "FisioFinancials.API\FisioFinancials.API.csproj", "{58FC3898-0BA9-40C3-87EC-51CFCD87F21F}"
EndProject
Project("{9A19103F-16F7-4668-BE54-9A1E7A4F7556}") = "FisioFinancials.Domain.Services", "FisioFinancials.Domain.Services\FisioFinancials.Domain.Services.csproj", "{1ABA7069-DDE6-4771-85D3-EFAD81DF3B5A}"
EndProject
Project("{9A19103F-16F7-4668-BE54-9A1E7A4F7556}") = "FisioFinancials.Infrastructure.Data", "FisioFinancials.Infrastructure.Data\FisioFinancials.Infrastructure.Data.csproj", "{D581039E-443E-4334-8D0F-C19119296BF5}"
EndProject
Project("{9A19103F-16F7-4668-BE54-9A1E7A4F7556}") = "FisioFinancials.Infrastructure.IoC", "FisioFinancials.Infrastructure.IoC\FisioFinancials.Infrastructure.IoC.csproj", "{3DF666CB-3612-4590-9BA2-FF44E1149572}"
EndProject
Global
	GlobalSection(SolutionConfigurationPlatforms) = preSolution
		Debug|Any CPU = Debug|Any CPU
		Release|Any CPU = Release|Any CPU
	EndGlobalSection
	GlobalSection(ProjectConfigurationPlatforms) = postSolution
		{ED4776E3-1BDF-454A-9832-C23F6C9D59E9}.Debug|Any CPU.ActiveCfg = Debug|Any CPU
		{ED4776E3-1BDF-454A-9832-C23F6C9D59E9}.Debug|Any CPU.Build.0 = Debug|Any CPU
		{ED4776E3-1BDF-454A-9832-C23F6C9D59E9}.Release|Any CPU.ActiveCfg = Release|Any CPU
		{ED4776E3-1BDF-454A-9832-C23F6C9D59E9}.Release|Any CPU.Build.0 = Release|Any CPU
		{58FC3898-0BA9-40C3-87EC-51CFCD87F21F}.Debug|Any CPU.ActiveCfg = Debug|Any CPU
		{58FC3898-0BA9-40C3-87EC-51CFCD87F21F}.Debug|Any CPU.Build.0 = Debug|Any CPU
		{58FC3898-0BA9-40C3-87EC-51CFCD87F21F}.Release|Any CPU.ActiveCfg = Release|Any CPU
		{58FC3898-0BA9-40C3-87EC-51CFCD87F21F}.Release|Any CPU.Build.0 = Release|Any CPU
		{1ABA7069-DDE6-4771-85D3-EFAD81DF3B5A}.Debug|Any CPU.ActiveCfg = Debug|Any CPU
		{1ABA7069-DDE6-4771-85D3-EFAD81DF3B5A}.Debug|Any CPU.Build.0 = Debug|Any CPU
		{1ABA7069-DDE6-4771-85D3-EFAD81DF3B5A}.Release|Any CPU.ActiveCfg = Release|Any CPU
		{1ABA7069-DDE6-4771-85D3-EFAD81DF3B5A}.Release|Any CPU.Build.0 = Release|Any CPU
		{D581039E-443E-4334-8D0F-C19119296BF5}.Debug|Any CPU.ActiveCfg = Debug|Any CPU
		{D581039E-443E-4334-8D0F-C19119296BF5}.Debug|Any CPU.Build.0 = Debug|Any CPU
		{D581039E-443E-4334-8D0F-C19119296BF5}.Release|Any CPU.ActiveCfg = Release|Any CPU
		{D581039E-443E-4334-8D0F-C19119296BF5}.Release|Any CPU.Build.0 = Release|Any CPU
		{3DF666CB-3612-4590-9BA2-FF44E1149572}.Debug|Any CPU.ActiveCfg = Debug|Any CPU
		{3DF666CB-3612-4590-9BA2-FF44E1149572}.Debug|Any CPU.Build.0 = Debug|Any CPU
		{3DF666CB-3612-4590-9BA2-FF44E1149572}.Release|Any CPU.ActiveCfg = Release|Any CPU
		{3DF666CB-3612-4590-9BA2-FF44E1149572}.Release|Any CPU.Build.0 = Release|Any CPU
	EndGlobalSection
	GlobalSection(SolutionProperties) = preSolution
		HideSolutionNode = FALSE
	EndGlobalSection
	GlobalSection(ExtensibilityGlobals) = postSolution
		SolutionGuid = {83D2D8D8-D08E-4D5D-B111-6DB8296EFF58}
	EndGlobalSection
EndGlobal
